
Microsoft Visual Studio Solution File, Format Version 12.00
# Visual Studio 2012
Project("{FAE04EC0-301F-11D3-BF4B-00C04F79EFBC}") = "BingWall.Core", "BingWall.Core\BingWall.Core.csproj", "{AA0C572C-1F4E-4FA2-9055-D2AC3DFFDD91}"
EndProject
Project("{FAE04EC0-301F-11D3-BF4B-00C04F79EFBC}") = "BingWall.iOS", "BingWall.iOS\BingWall.iOS.csproj", "{F9AE2AAA-13BA-418D-AE74-C98C387949B9}"
EndProject
Project("{FAE04EC0-301F-11D3-BF4B-00C04F79EFBC}") = "BingWall.Android", "BingWall.Android\BingWall.Android.csproj", "{40732C30-5505-459A-AB22-89882090D638}"
EndProject
Global
	GlobalSection(SolutionConfigurationPlatforms) = preSolution
		Debug|iPhoneSimulator = Debug|iPhoneSimulator
		Release|iPhoneSimulator = Release|iPhoneSimulator
		Debug|iPhone = Debug|iPhone
		Release|iPhone = Release|iPhone
		Ad-Hoc|iPhone = Ad-Hoc|iPhone
		AppStore|iPhone = AppStore|iPhone
	EndGlobalSection
	GlobalSection(ProjectConfigurationPlatforms) = postSolution
		{40732C30-5505-459A-AB22-89882090D638}.Ad-Hoc|iPhone.ActiveCfg = Release|Any CPU
		{40732C30-5505-459A-AB22-89882090D638}.Ad-Hoc|iPhone.Build.0 = Release|Any CPU
		{40732C30-5505-459A-AB22-89882090D638}.AppStore|iPhone.ActiveCfg = Release|Any CPU
		{40732C30-5505-459A-AB22-89882090D638}.AppStore|iPhone.Build.0 = Release|Any CPU
		{40732C30-5505-459A-AB22-89882090D638}.Debug|iPhone.ActiveCfg = Debug|Any CPU
		{40732C30-5505-459A-AB22-89882090D638}.Debug|iPhone.Build.0 = Debug|Any CPU
		{40732C30-5505-459A-AB22-89882090D638}.Debug|iPhoneSimulator.ActiveCfg = Debug|Any CPU
		{40732C30-5505-459A-AB22-89882090D638}.Debug|iPhoneSimulator.Build.0 = Debug|Any CPU
		{40732C30-5505-459A-AB22-89882090D638}.Release|iPhone.ActiveCfg = Release|Any CPU
		{40732C30-5505-459A-AB22-89882090D638}.Release|iPhone.Build.0 = Release|Any CPU
		{40732C30-5505-459A-AB22-89882090D638}.Release|iPhoneSimulator.ActiveCfg = Release|Any CPU
		{40732C30-5505-459A-AB22-89882090D638}.Release|iPhoneSimulator.Build.0 = Release|Any CPU
		{AA0C572C-1F4E-4FA2-9055-D2AC3DFFDD91}.Ad-Hoc|iPhone.ActiveCfg = Release|Any CPU
		{AA0C572C-1F4E-4FA2-9055-D2AC3DFFDD91}.Ad-Hoc|iPhone.Build.0 = Release|Any CPU
		{AA0C572C-1F4E-4FA2-9055-D2AC3DFFDD91}.AppStore|iPhone.ActiveCfg = Release|Any CPU
		{AA0C572C-1F4E-4FA2-9055-D2AC3DFFDD91}.AppStore|iPhone.Build.0 = Release|Any CPU
		{AA0C572C-1F4E-4FA2-9055-D2AC3DFFDD91}.Debug|iPhone.ActiveCfg = Debug|Any CPU
		{AA0C572C-1F4E-4FA2-9055-D2AC3DFFDD91}.Debug|iPhone.Build.0 = Debug|Any CPU
		{AA0C572C-1F4E-4FA2-9055-D2AC3DFFDD91}.Debug|iPhoneSimulator.ActiveCfg = Debug|Any CPU
		{AA0C572C-1F4E-4FA2-9055-D2AC3DFFDD91}.Debug|iPhoneSimulator.Build.0 = Debug|Any CPU
		{AA0C572C-1F4E-4FA2-9055-D2AC3DFFDD91}.Release|iPhone.ActiveCfg = Release|Any CPU
		{AA0C572C-1F4E-4FA2-9055-D2AC3DFFDD91}.Release|iPhone.Build.0 = Release|Any CPU
		{AA0C572C-1F4E-4FA2-9055-D2AC3DFFDD91}.Release|iPhoneSimulator.ActiveCfg = Release|Any CPU
		{AA0C572C-1F4E-4FA2-9055-D2AC3DFFDD91}.Release|iPhoneSimulator.Build.0 = Release|Any CPU
		{F9AE2AAA-13BA-418D-AE74-C98C387949B9}.Ad-Hoc|iPhone.ActiveCfg = Ad-Hoc|iPhone
		{F9AE2AAA-13BA-418D-AE74-C98C387949B9}.Ad-Hoc|iPhone.Build.0 = Ad-Hoc|iPhone
		{F9AE2AAA-13BA-418D-AE74-C98C387949B9}.AppStore|iPhone.ActiveCfg = AppStore|iPhone
		{F9AE2AAA-13BA-418D-AE74-C98C387949B9}.AppStore|iPhone.Build.0 = AppStore|iPhone
		{F9AE2AAA-13BA-418D-AE74-C98C387949B9}.Debug|iPhone.ActiveCfg = Debug|iPhone
		{F9AE2AAA-13BA-418D-AE74-C98C387949B9}.Debug|iPhone.Build.0 = Debug|iPhone
		{F9AE2AAA-13BA-418D-AE74-C98C387949B9}.Debug|iPhoneSimulator.ActiveCfg = Debug|iPhoneSimulator
		{F9AE2AAA-13BA-418D-AE74-C98C387949B9}.Debug|iPhoneSimulator.Build.0 = Debug|iPhoneSimulator
		{F9AE2AAA-13BA-418D-AE74-C98C387949B9}.Release|iPhone.ActiveCfg = Release|iPhone
		{F9AE2AAA-13BA-418D-AE74-C98C387949B9}.Release|iPhone.Build.0 = Release|iPhone
		{F9AE2AAA-13BA-418D-AE74-C98C387949B9}.Release|iPhoneSimulator.ActiveCfg = Release|iPhoneSimulator
		{F9AE2AAA-13BA-418D-AE74-C98C387949B9}.Release|iPhoneSimulator.Build.0 = Release|iPhoneSimulator
	EndGlobalSection
	GlobalSection(MonoDevelopProperties) = preSolution
		StartupItem = BingWall.Android\BingWall.Android.csproj
	EndGlobalSection
EndGlobal
